
Microsoft Visual Studio Solution File, Format Version 12.00
# Visual Studio Version 17
VisualStudioVersion = 17.7.34031.279
MinimumVisualStudioVersion = 10.0.40219.1
Project("{FAE04EC0-301F-11D3-BF4B-00C04F79EFBC}") = "Lab6_ex1", "Lab6_ex1.csproj", "{7372C6F4-984B-4AFC-8712-B88B04D7A8CF}"
EndProject
Global
	GlobalSection(SolutionConfigurationPlatforms) = preSolution
		Debug|Any CPU = Debug|Any CPU
		Release|Any CPU = Release|Any CPU
	EndGlobalSection
	GlobalSection(ProjectConfigurationPlatforms) = postSolution
		{7372C6F4-984B-4AFC-8712-B88B04D7A8CF}.Debug|Any CPU.ActiveCfg = Debug|Any CPU
		{7372C6F4-984B-4AFC-8712-B88B04D7A8CF}.Debug|Any CPU.Build.0 = Debug|Any CPU
		{7372C6F4-984B-4AFC-8712-B88B04D7A8CF}.Release|Any CPU.ActiveCfg = Release|Any CPU
		{7372C6F4-984B-4AFC-8712-B88B04D7A8CF}.Release|Any CPU.Build.0 = Release|Any CPU
	EndGlobalSection
	GlobalSection(SolutionProperties) = preSolution
		HideSolutionNode = FALSE
	EndGlobalSection
	GlobalSection(ExtensibilityGlobals) = postSolution
		SolutionGuid = {42C0CF6E-F00A-4531-88EF-8C221AB9558E}
	EndGlobalSection
EndGlobal
