
Microsoft Visual Studio Solution File, Format Version 12.00
# Visual Studio Version 17
VisualStudioVersion = 17.7.34031.279
MinimumVisualStudioVersion = 10.0.40219.1
Project("{FAE04EC0-301F-11D3-BF4B-00C04F79EFBC}") = "Lab6_ex10", "Lab6_ex10.csproj", "{639B8D09-98B0-440C-B078-BC0215D98425}"
EndProject
Global
	GlobalSection(SolutionConfigurationPlatforms) = preSolution
		Debug|Any CPU = Debug|Any CPU
		Release|Any CPU = Release|Any CPU
	EndGlobalSection
	GlobalSection(ProjectConfigurationPlatforms) = postSolution
		{639B8D09-98B0-440C-B078-BC0215D98425}.Debug|Any CPU.ActiveCfg = Debug|Any CPU
		{639B8D09-98B0-440C-B078-BC0215D98425}.Debug|Any CPU.Build.0 = Debug|Any CPU
		{639B8D09-98B0-440C-B078-BC0215D98425}.Release|Any CPU.ActiveCfg = Release|Any CPU
		{639B8D09-98B0-440C-B078-BC0215D98425}.Release|Any CPU.Build.0 = Release|Any CPU
	EndGlobalSection
	GlobalSection(SolutionProperties) = preSolution
		HideSolutionNode = FALSE
	EndGlobalSection
	GlobalSection(ExtensibilityGlobals) = postSolution
		SolutionGuid = {E03A360F-6A33-400E-93CF-F6E6EC3019E5}
	EndGlobalSection
EndGlobal
