
Microsoft Visual Studio Solution File, Format Version 12.00
# Visual Studio Version 17
VisualStudioVersion = 17.7.34031.279
MinimumVisualStudioVersion = 10.0.40219.1
Project("{FAE04EC0-301F-11D3-BF4B-00C04F79EFBC}") = "Lab6_ex6", "Lab6_ex6.csproj", "{7D20244B-AAAD-4748-8AE9-53D1C35972B9}"
EndProject
Global
	GlobalSection(SolutionConfigurationPlatforms) = preSolution
		Debug|Any CPU = Debug|Any CPU
		Release|Any CPU = Release|Any CPU
	EndGlobalSection
	GlobalSection(ProjectConfigurationPlatforms) = postSolution
		{7D20244B-AAAD-4748-8AE9-53D1C35972B9}.Debug|Any CPU.ActiveCfg = Debug|Any CPU
		{7D20244B-AAAD-4748-8AE9-53D1C35972B9}.Debug|Any CPU.Build.0 = Debug|Any CPU
		{7D20244B-AAAD-4748-8AE9-53D1C35972B9}.Release|Any CPU.ActiveCfg = Release|Any CPU
		{7D20244B-AAAD-4748-8AE9-53D1C35972B9}.Release|Any CPU.Build.0 = Release|Any CPU
	EndGlobalSection
	GlobalSection(SolutionProperties) = preSolution
		HideSolutionNode = FALSE
	EndGlobalSection
	GlobalSection(ExtensibilityGlobals) = postSolution
		SolutionGuid = {86DB2D81-2E7F-42F3-A796-0F41133762BF}
	EndGlobalSection
EndGlobal
