
Microsoft Visual Studio Solution File, Format Version 12.00
# Visual Studio Version 17
VisualStudioVersion = 17.7.34031.279
MinimumVisualStudioVersion = 10.0.40219.1
Project("{FAE04EC0-301F-11D3-BF4B-00C04F79EFBC}") = "Lab6_ex4", "Lab6_ex4.csproj", "{21B9A836-E0F9-49F2-9B51-3EE63B3B4CF3}"
EndProject
Global
	GlobalSection(SolutionConfigurationPlatforms) = preSolution
		Debug|Any CPU = Debug|Any CPU
		Release|Any CPU = Release|Any CPU
	EndGlobalSection
	GlobalSection(ProjectConfigurationPlatforms) = postSolution
		{21B9A836-E0F9-49F2-9B51-3EE63B3B4CF3}.Debug|Any CPU.ActiveCfg = Debug|Any CPU
		{21B9A836-E0F9-49F2-9B51-3EE63B3B4CF3}.Debug|Any CPU.Build.0 = Debug|Any CPU
		{21B9A836-E0F9-49F2-9B51-3EE63B3B4CF3}.Release|Any CPU.ActiveCfg = Release|Any CPU
		{21B9A836-E0F9-49F2-9B51-3EE63B3B4CF3}.Release|Any CPU.Build.0 = Release|Any CPU
	EndGlobalSection
	GlobalSection(SolutionProperties) = preSolution
		HideSolutionNode = FALSE
	EndGlobalSection
	GlobalSection(ExtensibilityGlobals) = postSolution
		SolutionGuid = {E55D13DC-A1D2-4141-B44D-5A278295FB82}
	EndGlobalSection
EndGlobal
