
Microsoft Visual Studio Solution File, Format Version 12.00
# Visual Studio Version 17
VisualStudioVersion = 17.7.34031.279
MinimumVisualStudioVersion = 10.0.40219.1
Project("{FAE04EC0-301F-11D3-BF4B-00C04F79EFBC}") = "Lab6_ex12", "Lab6_ex12.csproj", "{1EBC2258-F7B3-454D-B9FE-6BBCAF489582}"
EndProject
Global
	GlobalSection(SolutionConfigurationPlatforms) = preSolution
		Debug|Any CPU = Debug|Any CPU
		Release|Any CPU = Release|Any CPU
	EndGlobalSection
	GlobalSection(ProjectConfigurationPlatforms) = postSolution
		{1EBC2258-F7B3-454D-B9FE-6BBCAF489582}.Debug|Any CPU.ActiveCfg = Debug|Any CPU
		{1EBC2258-F7B3-454D-B9FE-6BBCAF489582}.Debug|Any CPU.Build.0 = Debug|Any CPU
		{1EBC2258-F7B3-454D-B9FE-6BBCAF489582}.Release|Any CPU.ActiveCfg = Release|Any CPU
		{1EBC2258-F7B3-454D-B9FE-6BBCAF489582}.Release|Any CPU.Build.0 = Release|Any CPU
	EndGlobalSection
	GlobalSection(SolutionProperties) = preSolution
		HideSolutionNode = FALSE
	EndGlobalSection
	GlobalSection(ExtensibilityGlobals) = postSolution
		SolutionGuid = {A1B998B6-68BA-4367-B2F1-8B7F7638C4DA}
	EndGlobalSection
EndGlobal
