
Microsoft Visual Studio Solution File, Format Version 12.00
# Visual Studio Version 17
VisualStudioVersion = 17.7.34031.279
MinimumVisualStudioVersion = 10.0.40219.1
Project("{FAE04EC0-301F-11D3-BF4B-00C04F79EFBC}") = "Lab6_ex8", "Lab6_ex8.csproj", "{D26060F7-5642-4106-A17A-1503C98A2A72}"
EndProject
Global
	GlobalSection(SolutionConfigurationPlatforms) = preSolution
		Debug|Any CPU = Debug|Any CPU
		Release|Any CPU = Release|Any CPU
	EndGlobalSection
	GlobalSection(ProjectConfigurationPlatforms) = postSolution
		{D26060F7-5642-4106-A17A-1503C98A2A72}.Debug|Any CPU.ActiveCfg = Debug|Any CPU
		{D26060F7-5642-4106-A17A-1503C98A2A72}.Debug|Any CPU.Build.0 = Debug|Any CPU
		{D26060F7-5642-4106-A17A-1503C98A2A72}.Release|Any CPU.ActiveCfg = Release|Any CPU
		{D26060F7-5642-4106-A17A-1503C98A2A72}.Release|Any CPU.Build.0 = Release|Any CPU
	EndGlobalSection
	GlobalSection(SolutionProperties) = preSolution
		HideSolutionNode = FALSE
	EndGlobalSection
	GlobalSection(ExtensibilityGlobals) = postSolution
		SolutionGuid = {801E0D87-86A5-4EC7-BDD2-DBB489B0A007}
	EndGlobalSection
EndGlobal
