
Microsoft Visual Studio Solution File, Format Version 12.00
# Visual Studio Version 17
VisualStudioVersion = 17.7.34031.279
MinimumVisualStudioVersion = 10.0.40219.1
Project("{FAE04EC0-301F-11D3-BF4B-00C04F79EFBC}") = "Lab6_ex9", "Lab6_ex9.csproj", "{B3BBAE7A-CF01-4A33-93C9-908547577E39}"
EndProject
Global
	GlobalSection(SolutionConfigurationPlatforms) = preSolution
		Debug|Any CPU = Debug|Any CPU
		Release|Any CPU = Release|Any CPU
	EndGlobalSection
	GlobalSection(ProjectConfigurationPlatforms) = postSolution
		{B3BBAE7A-CF01-4A33-93C9-908547577E39}.Debug|Any CPU.ActiveCfg = Debug|Any CPU
		{B3BBAE7A-CF01-4A33-93C9-908547577E39}.Debug|Any CPU.Build.0 = Debug|Any CPU
		{B3BBAE7A-CF01-4A33-93C9-908547577E39}.Release|Any CPU.ActiveCfg = Release|Any CPU
		{B3BBAE7A-CF01-4A33-93C9-908547577E39}.Release|Any CPU.Build.0 = Release|Any CPU
	EndGlobalSection
	GlobalSection(SolutionProperties) = preSolution
		HideSolutionNode = FALSE
	EndGlobalSection
	GlobalSection(ExtensibilityGlobals) = postSolution
		SolutionGuid = {F7EE1772-03CE-43EB-8A93-C4A5C862A1BE}
	EndGlobalSection
EndGlobal
