
Microsoft Visual Studio Solution File, Format Version 12.00
# Visual Studio Version 17
VisualStudioVersion = 17.7.34031.279
MinimumVisualStudioVersion = 10.0.40219.1
Project("{FAE04EC0-301F-11D3-BF4B-00C04F79EFBC}") = "Lab6_ex7", "Lab6_ex7.csproj", "{C27EF0F7-32EF-4622-B401-DA86887616F2}"
EndProject
Global
	GlobalSection(SolutionConfigurationPlatforms) = preSolution
		Debug|Any CPU = Debug|Any CPU
		Release|Any CPU = Release|Any CPU
	EndGlobalSection
	GlobalSection(ProjectConfigurationPlatforms) = postSolution
		{C27EF0F7-32EF-4622-B401-DA86887616F2}.Debug|Any CPU.ActiveCfg = Debug|Any CPU
		{C27EF0F7-32EF-4622-B401-DA86887616F2}.Debug|Any CPU.Build.0 = Debug|Any CPU
		{C27EF0F7-32EF-4622-B401-DA86887616F2}.Release|Any CPU.ActiveCfg = Release|Any CPU
		{C27EF0F7-32EF-4622-B401-DA86887616F2}.Release|Any CPU.Build.0 = Release|Any CPU
	EndGlobalSection
	GlobalSection(SolutionProperties) = preSolution
		HideSolutionNode = FALSE
	EndGlobalSection
	GlobalSection(ExtensibilityGlobals) = postSolution
		SolutionGuid = {821CA805-BBCD-4BF0-9A40-AEF7E0266D6B}
	EndGlobalSection
EndGlobal
