
Microsoft Visual Studio Solution File, Format Version 12.00
# Visual Studio Version 17
VisualStudioVersion = 17.7.34031.279
MinimumVisualStudioVersion = 10.0.40219.1
Project("{FAE04EC0-301F-11D3-BF4B-00C04F79EFBC}") = "Lab6_ex2", "Lab6_ex2.csproj", "{55616FEC-0164-43CD-966E-D05AC9DD0A74}"
EndProject
Global
	GlobalSection(SolutionConfigurationPlatforms) = preSolution
		Debug|Any CPU = Debug|Any CPU
		Release|Any CPU = Release|Any CPU
	EndGlobalSection
	GlobalSection(ProjectConfigurationPlatforms) = postSolution
		{55616FEC-0164-43CD-966E-D05AC9DD0A74}.Debug|Any CPU.ActiveCfg = Debug|Any CPU
		{55616FEC-0164-43CD-966E-D05AC9DD0A74}.Debug|Any CPU.Build.0 = Debug|Any CPU
		{55616FEC-0164-43CD-966E-D05AC9DD0A74}.Release|Any CPU.ActiveCfg = Release|Any CPU
		{55616FEC-0164-43CD-966E-D05AC9DD0A74}.Release|Any CPU.Build.0 = Release|Any CPU
	EndGlobalSection
	GlobalSection(SolutionProperties) = preSolution
		HideSolutionNode = FALSE
	EndGlobalSection
	GlobalSection(ExtensibilityGlobals) = postSolution
		SolutionGuid = {3F49FFC4-299B-40AE-B037-F008FBADAA31}
	EndGlobalSection
EndGlobal
