
Microsoft Visual Studio Solution File, Format Version 12.00
# Visual Studio Version 17
VisualStudioVersion = 17.7.34031.279
MinimumVisualStudioVersion = 10.0.40219.1
Project("{FAE04EC0-301F-11D3-BF4B-00C04F79EFBC}") = "Lab6_ex5", "Lab6_ex5.csproj", "{403AF85A-81E7-419B-A41F-E513EDC725C6}"
EndProject
Global
	GlobalSection(SolutionConfigurationPlatforms) = preSolution
		Debug|Any CPU = Debug|Any CPU
		Release|Any CPU = Release|Any CPU
	EndGlobalSection
	GlobalSection(ProjectConfigurationPlatforms) = postSolution
		{403AF85A-81E7-419B-A41F-E513EDC725C6}.Debug|Any CPU.ActiveCfg = Debug|Any CPU
		{403AF85A-81E7-419B-A41F-E513EDC725C6}.Debug|Any CPU.Build.0 = Debug|Any CPU
		{403AF85A-81E7-419B-A41F-E513EDC725C6}.Release|Any CPU.ActiveCfg = Release|Any CPU
		{403AF85A-81E7-419B-A41F-E513EDC725C6}.Release|Any CPU.Build.0 = Release|Any CPU
	EndGlobalSection
	GlobalSection(SolutionProperties) = preSolution
		HideSolutionNode = FALSE
	EndGlobalSection
	GlobalSection(ExtensibilityGlobals) = postSolution
		SolutionGuid = {62373104-5995-4A40-B076-19825CECC451}
	EndGlobalSection
EndGlobal
